// !$*UTF8*$!
{
	archiveVersion = 1;
	classes = {
	};
	objectVersion = 56;
	objects = {

/* Begin PBXBuildFile section */
		586774C32B4B9E0A00851A3C /* AppFeature.swift in Sources */ = {isa = PBXBuildFile; fileRef = 586774C22B4B9E0A00851A3C /* AppFeature.swift */; };
		586774C52B4BA36400851A3C /* AppFeatureTest.swift in Sources */ = {isa = PBXBuildFile; fileRef = 586774C42B4BA36400851A3C /* AppFeatureTest.swift */; };
		586DDED02B469ECF00E86167 /* FeatureTest.swift in Sources */ = {isa = PBXBuildFile; fileRef = 5852513D2B469AB800365123 /* FeatureTest.swift */; };
		588B5C832B4968A100F86E32 /* AppTabview.swift in Sources */ = {isa = PBXBuildFile; fileRef = 588B5C822B4968A100F86E32 /* AppTabview.swift */; };
		588B5C862B496E8A00F86E32 /* NetworkClient.swift in Sources */ = {isa = PBXBuildFile; fileRef = 588B5C852B496E8A00F86E32 /* NetworkClient.swift */; };
		58A47B9F2B3D380B007ADCC5 /* CounterView.swift in Sources */ = {isa = PBXBuildFile; fileRef = 58A47B9E2B3D380B007ADCC5 /* CounterView.swift */; };
		58ADA3BB2B3C1F6200ED0BC5 /* TCA_StudyApp.swift in Sources */ = {isa = PBXBuildFile; fileRef = 58ADA3BA2B3C1F6200ED0BC5 /* TCA_StudyApp.swift */; };
		58ADA3C12B3C1F6300ED0BC5 /* Assets.xcassets in Resources */ = {isa = PBXBuildFile; fileRef = 58ADA3C02B3C1F6300ED0BC5 /* Assets.xcassets */; };
		58ADA3C42B3C1F6300ED0BC5 /* Preview Assets.xcassets in Resources */ = {isa = PBXBuildFile; fileRef = 58ADA3C32B3C1F6300ED0BC5 /* Preview Assets.xcassets */; };
		58ADA3CE2B3C1F6400ED0BC5 /* TCA_StudyTests.swift in Sources */ = {isa = PBXBuildFile; fileRef = 58ADA3CD2B3C1F6400ED0BC5 /* TCA_StudyTests.swift */; };
		58ADA3D82B3C1F6400ED0BC5 /* TCA_StudyUITests.swift in Sources */ = {isa = PBXBuildFile; fileRef = 58ADA3D72B3C1F6400ED0BC5 /* TCA_StudyUITests.swift */; };
		58ADA3DA2B3C1F6400ED0BC5 /* TCA_StudyUITestsLaunchTests.swift in Sources */ = {isa = PBXBuildFile; fileRef = 58ADA3D92B3C1F6400ED0BC5 /* TCA_StudyUITestsLaunchTests.swift */; };
		58ADA3E92B3C284A00ED0BC5 /* CounterFeature.swift in Sources */ = {isa = PBXBuildFile; fileRef = 58ADA3E82B3C284A00ED0BC5 /* CounterFeature.swift */; };
		58ADA3EC2B3C28C100ED0BC5 /* ComposableArchitecture in Frameworks */ = {isa = PBXBuildFile; productRef = 58ADA3EB2B3C28C100ED0BC5 /* ComposableArchitecture */; };
		58ADA3EF2B3C4A1F00ED0BC5 /* MacroInPractice.swift in Sources */ = {isa = PBXBuildFile; fileRef = 58ADA3EE2B3C4A1F00ED0BC5 /* MacroInPractice.swift */; };
/* End PBXBuildFile section */

/* Begin PBXContainerItemProxy section */
		58ADA3CA2B3C1F6400ED0BC5 /* PBXContainerItemProxy */ = {
			isa = PBXContainerItemProxy;
			containerPortal = 58ADA3AF2B3C1F6200ED0BC5 /* Project object */;
			proxyType = 1;
			remoteGlobalIDString = 58ADA3B62B3C1F6200ED0BC5;
			remoteInfo = TCA_Study;
		};
		58ADA3D42B3C1F6400ED0BC5 /* PBXContainerItemProxy */ = {
			isa = PBXContainerItemProxy;
			containerPortal = 58ADA3AF2B3C1F6200ED0BC5 /* Project object */;
			proxyType = 1;
			remoteGlobalIDString = 58ADA3B62B3C1F6200ED0BC5;
			remoteInfo = TCA_Study;
		};
/* End PBXContainerItemProxy section */

/* Begin PBXFileReference section */
		5852513D2B469AB800365123 /* FeatureTest.swift */ = {isa = PBXFileReference; lastKnownFileType = sourcecode.swift; path = FeatureTest.swift; sourceTree = "<group>"; };
		586774C22B4B9E0A00851A3C /* AppFeature.swift */ = {isa = PBXFileReference; lastKnownFileType = sourcecode.swift; path = AppFeature.swift; sourceTree = "<group>"; };
		586774C42B4BA36400851A3C /* AppFeatureTest.swift */ = {isa = PBXFileReference; lastKnownFileType = sourcecode.swift; path = AppFeatureTest.swift; sourceTree = "<group>"; };
		587312B82B3EA45900219A3A /* TCA-Study-Info.plist */ = {isa = PBXFileReference; lastKnownFileType = text.plist; path = "TCA-Study-Info.plist"; sourceTree = SOURCE_ROOT; };
		588B5C822B4968A100F86E32 /* AppTabview.swift */ = {isa = PBXFileReference; lastKnownFileType = sourcecode.swift; path = AppTabview.swift; sourceTree = "<group>"; };
		588B5C852B496E8A00F86E32 /* NetworkClient.swift */ = {isa = PBXFileReference; lastKnownFileType = sourcecode.swift; path = NetworkClient.swift; sourceTree = "<group>"; };
		58A47B9E2B3D380B007ADCC5 /* CounterView.swift */ = {isa = PBXFileReference; lastKnownFileType = sourcecode.swift; path = CounterView.swift; sourceTree = "<group>"; };
		58ADA3B72B3C1F6200ED0BC5 /* TCA_Study.app */ = {isa = PBXFileReference; explicitFileType = wrapper.application; includeInIndex = 0; path = TCA_Study.app; sourceTree = BUILT_PRODUCTS_DIR; };
		58ADA3BA2B3C1F6200ED0BC5 /* TCA_StudyApp.swift */ = {isa = PBXFileReference; lastKnownFileType = sourcecode.swift; path = TCA_StudyApp.swift; sourceTree = "<group>"; };
		58ADA3C02B3C1F6300ED0BC5 /* Assets.xcassets */ = {isa = PBXFileReference; lastKnownFileType = folder.assetcatalog; path = Assets.xcassets; sourceTree = "<group>"; };
		58ADA3C32B3C1F6300ED0BC5 /* Preview Assets.xcassets */ = {isa = PBXFileReference; lastKnownFileType = folder.assetcatalog; path = "Preview Assets.xcassets"; sourceTree = "<group>"; };
		58ADA3C92B3C1F6400ED0BC5 /* TCA_StudyTests.xctest */ = {isa = PBXFileReference; explicitFileType = wrapper.cfbundle; includeInIndex = 0; path = TCA_StudyTests.xctest; sourceTree = BUILT_PRODUCTS_DIR; };
		58ADA3CD2B3C1F6400ED0BC5 /* TCA_StudyTests.swift */ = {isa = PBXFileReference; lastKnownFileType = sourcecode.swift; path = TCA_StudyTests.swift; sourceTree = "<group>"; };
		58ADA3D32B3C1F6400ED0BC5 /* TCA_StudyUITests.xctest */ = {isa = PBXFileReference; explicitFileType = wrapper.cfbundle; includeInIndex = 0; path = TCA_StudyUITests.xctest; sourceTree = BUILT_PRODUCTS_DIR; };
		58ADA3D72B3C1F6400ED0BC5 /* TCA_StudyUITests.swift */ = {isa = PBXFileReference; lastKnownFileType = sourcecode.swift; path = TCA_StudyUITests.swift; sourceTree = "<group>"; };
		58ADA3D92B3C1F6400ED0BC5 /* TCA_StudyUITestsLaunchTests.swift */ = {isa = PBXFileReference; lastKnownFileType = sourcecode.swift; path = TCA_StudyUITestsLaunchTests.swift; sourceTree = "<group>"; };
		58ADA3E82B3C284A00ED0BC5 /* CounterFeature.swift */ = {isa = PBXFileReference; lastKnownFileType = sourcecode.swift; path = CounterFeature.swift; sourceTree = "<group>"; };
		58ADA3EE2B3C4A1F00ED0BC5 /* MacroInPractice.swift */ = {isa = PBXFileReference; lastKnownFileType = sourcecode.swift; path = MacroInPractice.swift; sourceTree = "<group>"; };
/* End PBXFileReference section */

/* Begin PBXFrameworksBuildPhase section */
		58ADA3B42B3C1F6200ED0BC5 /* Frameworks */ = {
			isa = PBXFrameworksBuildPhase;
			buildActionMask = 2147483647;
			files = (
				58ADA3EC2B3C28C100ED0BC5 /* ComposableArchitecture in Frameworks */,
			);
			runOnlyForDeploymentPostprocessing = 0;
		};
		58ADA3C62B3C1F6400ED0BC5 /* Frameworks */ = {
			isa = PBXFrameworksBuildPhase;
			buildActionMask = 2147483647;
			files = (
			);
			runOnlyForDeploymentPostprocessing = 0;
		};
		58ADA3D02B3C1F6400ED0BC5 /* Frameworks */ = {
			isa = PBXFrameworksBuildPhase;
			buildActionMask = 2147483647;
			files = (
			);
			runOnlyForDeploymentPostprocessing = 0;
		};
/* End PBXFrameworksBuildPhase section */

/* Begin PBXGroup section */
		588B5C842B496E5300F86E32 /* Clients */ = {
			isa = PBXGroup;
			children = (
				588B5C852B496E8A00F86E32 /* NetworkClient.swift */,
			);
			path = Clients;
			sourceTree = "<group>";
		};
		58A47B9D2B3D37FF007ADCC5 /* Views */ = {
			isa = PBXGroup;
			children = (
				58A47B9E2B3D380B007ADCC5 /* CounterView.swift */,
				588B5C822B4968A100F86E32 /* AppTabview.swift */,
			);
			path = Views;
			sourceTree = "<group>";
		};
		58ADA3AE2B3C1F6200ED0BC5 = {
			isa = PBXGroup;
			children = (
				58ADA3B92B3C1F6200ED0BC5 /* TCA_Study */,
				58ADA3CC2B3C1F6400ED0BC5 /* TCA_StudyTests */,
				58ADA3D62B3C1F6400ED0BC5 /* TCA_StudyUITests */,
				58ADA3B82B3C1F6200ED0BC5 /* Products */,
			);
			sourceTree = "<group>";
		};
		58ADA3B82B3C1F6200ED0BC5 /* Products */ = {
			isa = PBXGroup;
			children = (
				58ADA3B72B3C1F6200ED0BC5 /* TCA_Study.app */,
				58ADA3C92B3C1F6400ED0BC5 /* TCA_StudyTests.xctest */,
				58ADA3D32B3C1F6400ED0BC5 /* TCA_StudyUITests.xctest */,
			);
			name = Products;
			sourceTree = "<group>";
		};
		58ADA3B92B3C1F6200ED0BC5 /* TCA_Study */ = {
			isa = PBXGroup;
			children = (
				58A47B9D2B3D37FF007ADCC5 /* Views */,
				58ADA3E62B3C280700ED0BC5 /* Reducers */,
				588B5C842B496E5300F86E32 /* Clients */,
				58ADA3ED2B3C4A0E00ED0BC5 /* WhatIsMacro */,
				58ADA3E72B3C281600ED0BC5 /* SomeApps */,
				587312B82B3EA45900219A3A /* TCA-Study-Info.plist */,
				58ADA3C22B3C1F6300ED0BC5 /* Preview Content */,
			);
			path = TCA_Study;
			sourceTree = "<group>";
		};
		58ADA3C22B3C1F6300ED0BC5 /* Preview Content */ = {
			isa = PBXGroup;
			children = (
				58ADA3C32B3C1F6300ED0BC5 /* Preview Assets.xcassets */,
			);
			path = "Preview Content";
			sourceTree = "<group>";
		};
		58ADA3CC2B3C1F6400ED0BC5 /* TCA_StudyTests */ = {
			isa = PBXGroup;
			children = (
				5852513D2B469AB800365123 /* FeatureTest.swift */,
				586774C42B4BA36400851A3C /* AppFeatureTest.swift */,
				58ADA3CD2B3C1F6400ED0BC5 /* TCA_StudyTests.swift */,
			);
			path = TCA_StudyTests;
			sourceTree = "<group>";
		};
		58ADA3D62B3C1F6400ED0BC5 /* TCA_StudyUITests */ = {
			isa = PBXGroup;
			children = (
				58ADA3D72B3C1F6400ED0BC5 /* TCA_StudyUITests.swift */,
				58ADA3D92B3C1F6400ED0BC5 /* TCA_StudyUITestsLaunchTests.swift */,
			);
			path = TCA_StudyUITests;
			sourceTree = "<group>";
		};
		58ADA3E62B3C280700ED0BC5 /* Reducers */ = {
			isa = PBXGroup;
			children = (
				586774C22B4B9E0A00851A3C /* AppFeature.swift */,
				58ADA3E82B3C284A00ED0BC5 /* CounterFeature.swift */,
			);
			path = Reducers;
			sourceTree = "<group>";
		};
		58ADA3E72B3C281600ED0BC5 /* SomeApps */ = {
			isa = PBXGroup;
			children = (
				58ADA3BA2B3C1F6200ED0BC5 /* TCA_StudyApp.swift */,
				58ADA3C02B3C1F6300ED0BC5 /* Assets.xcassets */,
			);
			path = SomeApps;
			sourceTree = "<group>";
		};
		58ADA3ED2B3C4A0E00ED0BC5 /* WhatIsMacro */ = {
			isa = PBXGroup;
			children = (
				58ADA3EE2B3C4A1F00ED0BC5 /* MacroInPractice.swift */,
			);
			path = WhatIsMacro;
			sourceTree = "<group>";
		};
/* End PBXGroup section */

/* Begin PBXNativeTarget section */
		58ADA3B62B3C1F6200ED0BC5 /* TCA_Study */ = {
			isa = PBXNativeTarget;
			buildConfigurationList = 58ADA3DD2B3C1F6400ED0BC5 /* Build configuration list for PBXNativeTarget "TCA_Study" */;
			buildPhases = (
				58ADA3B32B3C1F6200ED0BC5 /* Sources */,
				58ADA3B42B3C1F6200ED0BC5 /* Frameworks */,
				58ADA3B52B3C1F6200ED0BC5 /* Resources */,
			);
			buildRules = (
			);
			dependencies = (
			);
			name = TCA_Study;
			packageProductDependencies = (
				58ADA3EB2B3C28C100ED0BC5 /* ComposableArchitecture */,
			);
			productName = TCA_Study;
			productReference = 58ADA3B72B3C1F6200ED0BC5 /* TCA_Study.app */;
			productType = "com.apple.product-type.application";
		};
		58ADA3C82B3C1F6400ED0BC5 /* TCA_StudyTests */ = {
			isa = PBXNativeTarget;
			buildConfigurationList = 58ADA3E02B3C1F6400ED0BC5 /* Build configuration list for PBXNativeTarget "TCA_StudyTests" */;
			buildPhases = (
				58ADA3C52B3C1F6400ED0BC5 /* Sources */,
				58ADA3C62B3C1F6400ED0BC5 /* Frameworks */,
				58ADA3C72B3C1F6400ED0BC5 /* Resources */,
			);
			buildRules = (
			);
			dependencies = (
				58ADA3CB2B3C1F6400ED0BC5 /* PBXTargetDependency */,
			);
			name = TCA_StudyTests;
			productName = TCA_StudyTests;
			productReference = 58ADA3C92B3C1F6400ED0BC5 /* TCA_StudyTests.xctest */;
			productType = "com.apple.product-type.bundle.unit-test";
		};
		58ADA3D22B3C1F6400ED0BC5 /* TCA_StudyUITests */ = {
			isa = PBXNativeTarget;
			buildConfigurationList = 58ADA3E32B3C1F6400ED0BC5 /* Build configuration list for PBXNativeTarget "TCA_StudyUITests" */;
			buildPhases = (
				58ADA3CF2B3C1F6400ED0BC5 /* Sources */,
				58ADA3D02B3C1F6400ED0BC5 /* Frameworks */,
				58ADA3D12B3C1F6400ED0BC5 /* Resources */,
			);
			buildRules = (
			);
			dependencies = (
				58ADA3D52B3C1F6400ED0BC5 /* PBXTargetDependency */,
			);
			name = TCA_StudyUITests;
			productName = TCA_StudyUITests;
			productReference = 58ADA3D32B3C1F6400ED0BC5 /* TCA_StudyUITests.xctest */;
			productType = "com.apple.product-type.bundle.ui-testing";
		};
/* End PBXNativeTarget section */

/* Begin PBXProject section */
		58ADA3AF2B3C1F6200ED0BC5 /* Project object */ = {
			isa = PBXProject;
			attributes = {
				BuildIndependentTargetsInParallel = 1;
				LastSwiftUpdateCheck = 1510;
				LastUpgradeCheck = 1510;
				TargetAttributes = {
					58ADA3B62B3C1F6200ED0BC5 = {
						CreatedOnToolsVersion = 15.1;
					};
					58ADA3C82B3C1F6400ED0BC5 = {
						CreatedOnToolsVersion = 15.1;
						TestTargetID = 58ADA3B62B3C1F6200ED0BC5;
					};
					58ADA3D22B3C1F6400ED0BC5 = {
						CreatedOnToolsVersion = 15.1;
						TestTargetID = 58ADA3B62B3C1F6200ED0BC5;
					};
				};
			};
			buildConfigurationList = 58ADA3B22B3C1F6200ED0BC5 /* Build configuration list for PBXProject "TCA_Study" */;
			compatibilityVersion = "Xcode 14.0";
			developmentRegion = en;
			hasScannedForEncodings = 0;
			knownRegions = (
				en,
				Base,
			);
			mainGroup = 58ADA3AE2B3C1F6200ED0BC5;
			packageReferences = (
				58ADA3EA2B3C28C100ED0BC5 /* XCRemoteSwiftPackageReference "swift-composable-architecture" */,
			);
			productRefGroup = 58ADA3B82B3C1F6200ED0BC5 /* Products */;
			projectDirPath = "";
			projectRoot = "";
			targets = (
				58ADA3B62B3C1F6200ED0BC5 /* TCA_Study */,
				58ADA3C82B3C1F6400ED0BC5 /* TCA_StudyTests */,
				58ADA3D22B3C1F6400ED0BC5 /* TCA_StudyUITests */,
			);
		};
/* End PBXProject section */

/* Begin PBXResourcesBuildPhase section */
		58ADA3B52B3C1F6200ED0BC5 /* Resources */ = {
			isa = PBXResourcesBuildPhase;
			buildActionMask = 2147483647;
			files = (
				58ADA3C42B3C1F6300ED0BC5 /* Preview Assets.xcassets in Resources */,
				58ADA3C12B3C1F6300ED0BC5 /* Assets.xcassets in Resources */,
			);
			runOnlyForDeploymentPostprocessing = 0;
		};
		58ADA3C72B3C1F6400ED0BC5 /* Resources */ = {
			isa = PBXResourcesBuildPhase;
			buildActionMask = 2147483647;
			files = (
			);
			runOnlyForDeploymentPostprocessing = 0;
		};
		58ADA3D12B3C1F6400ED0BC5 /* Resources */ = {
			isa = PBXResourcesBuildPhase;
			buildActionMask = 2147483647;
			files = (
			);
			runOnlyForDeploymentPostprocessing = 0;
		};
/* End PBXResourcesBuildPhase section */

/* Begin PBXSourcesBuildPhase section */
		58ADA3B32B3C1F6200ED0BC5 /* Sources */ = {
			isa = PBXSourcesBuildPhase;
			buildActionMask = 2147483647;
			files = (
				58ADA3BB2B3C1F6200ED0BC5 /* TCA_StudyApp.swift in Sources */,
				58ADA3EF2B3C4A1F00ED0BC5 /* MacroInPractice.swift in Sources */,
				58ADA3E92B3C284A00ED0BC5 /* CounterFeature.swift in Sources */,
				588B5C832B4968A100F86E32 /* AppTabview.swift in Sources */,
				58A47B9F2B3D380B007ADCC5 /* CounterView.swift in Sources */,
				586774C32B4B9E0A00851A3C /* AppFeature.swift in Sources */,
				588B5C862B496E8A00F86E32 /* NetworkClient.swift in Sources */,
			);
			runOnlyForDeploymentPostprocessing = 0;
		};
		58ADA3C52B3C1F6400ED0BC5 /* Sources */ = {
			isa = PBXSourcesBuildPhase;
			buildActionMask = 2147483647;
			files = (
				586DDED02B469ECF00E86167 /* FeatureTest.swift in Sources */,
				586774C52B4BA36400851A3C /* AppFeatureTest.swift in Sources */,
				58ADA3CE2B3C1F6400ED0BC5 /* TCA_StudyTests.swift in Sources */,
			);
			runOnlyForDeploymentPostprocessing = 0;
		};
		58ADA3CF2B3C1F6400ED0BC5 /* Sources */ = {
			isa = PBXSourcesBuildPhase;
			buildActionMask = 2147483647;
			files = (
				58ADA3D82B3C1F6400ED0BC5 /* TCA_StudyUITests.swift in Sources */,
				58ADA3DA2B3C1F6400ED0BC5 /* TCA_StudyUITestsLaunchTests.swift in Sources */,
			);
			runOnlyForDeploymentPostprocessing = 0;
		};
/* End PBXSourcesBuildPhase section */

/* Begin PBXTargetDependency section */
		58ADA3CB2B3C1F6400ED0BC5 /* PBXTargetDependency */ = {
			isa = PBXTargetDependency;
			target = 58ADA3B62B3C1F6200ED0BC5 /* TCA_Study */;
			targetProxy = 58ADA3CA2B3C1F6400ED0BC5 /* PBXContainerItemProxy */;
		};
		58ADA3D52B3C1F6400ED0BC5 /* PBXTargetDependency */ = {
			isa = PBXTargetDependency;
			target = 58ADA3B62B3C1F6200ED0BC5 /* TCA_Study */;
			targetProxy = 58ADA3D42B3C1F6400ED0BC5 /* PBXContainerItemProxy */;
		};
/* End PBXTargetDependency section */

/* Begin XCBuildConfiguration section */
		58ADA3DB2B3C1F6400ED0BC5 /* Debug */ = {
			isa = XCBuildConfiguration;
			buildSettings = {
				ALWAYS_SEARCH_USER_PATHS = NO;
				ASSETCATALOG_COMPILER_GENERATE_SWIFT_ASSET_SYMBOL_EXTENSIONS = YES;
				CLANG_ANALYZER_NONNULL = YES;
				CLANG_ANALYZER_NUMBER_OBJECT_CONVERSION = YES_AGGRESSIVE;
				CLANG_CXX_LANGUAGE_STANDARD = "gnu++20";
				CLANG_ENABLE_MODULES = YES;
				CLANG_ENABLE_OBJC_ARC = YES;
				CLANG_ENABLE_OBJC_WEAK = YES;
				CLANG_WARN_BLOCK_CAPTURE_AUTORELEASING = YES;
				CLANG_WARN_BOOL_CONVERSION = YES;
				CLANG_WARN_COMMA = YES;
				CLANG_WARN_CONSTANT_CONVERSION = YES;
				CLANG_WARN_DEPRECATED_OBJC_IMPLEMENTATIONS = YES;
				CLANG_WARN_DIRECT_OBJC_ISA_USAGE = YES_ERROR;
				CLANG_WARN_DOCUMENTATION_COMMENTS = YES;
				CLANG_WARN_EMPTY_BODY = YES;
				CLANG_WARN_ENUM_CONVERSION = YES;
				CLANG_WARN_INFINITE_RECURSION = YES;
				CLANG_WARN_INT_CONVERSION = YES;
				CLANG_WARN_NON_LITERAL_NULL_CONVERSION = YES;
				CLANG_WARN_OBJC_IMPLICIT_RETAIN_SELF = YES;
				CLANG_WARN_OBJC_LITERAL_CONVERSION = YES;
				CLANG_WARN_OBJC_ROOT_CLASS = YES_ERROR;
				CLANG_WARN_QUOTED_INCLUDE_IN_FRAMEWORK_HEADER = YES;
				CLANG_WARN_RANGE_LOOP_ANALYSIS = YES;
				CLANG_WARN_STRICT_PROTOTYPES = YES;
				CLANG_WARN_SUSPICIOUS_MOVE = YES;
				CLANG_WARN_UNGUARDED_AVAILABILITY = YES_AGGRESSIVE;
				CLANG_WARN_UNREACHABLE_CODE = YES;
				CLANG_WARN__DUPLICATE_METHOD_MATCH = YES;
				COPY_PHASE_STRIP = NO;
				DEBUG_INFORMATION_FORMAT = dwarf;
				ENABLE_STRICT_OBJC_MSGSEND = YES;
				ENABLE_TESTABILITY = YES;
				ENABLE_USER_SCRIPT_SANDBOXING = YES;
				GCC_C_LANGUAGE_STANDARD = gnu17;
				GCC_DYNAMIC_NO_PIC = NO;
				GCC_NO_COMMON_BLOCKS = YES;
				GCC_OPTIMIZATION_LEVEL = 0;
				GCC_PREPROCESSOR_DEFINITIONS = (
					"DEBUG=1",
					"$(inherited)",
				);
				GCC_WARN_64_TO_32_BIT_CONVERSION = YES;
				GCC_WARN_ABOUT_RETURN_TYPE = YES_ERROR;
				GCC_WARN_UNDECLARED_SELECTOR = YES;
				GCC_WARN_UNINITIALIZED_AUTOS = YES_AGGRESSIVE;
				GCC_WARN_UNUSED_FUNCTION = YES;
				GCC_WARN_UNUSED_VARIABLE = YES;
				IPHONEOS_DEPLOYMENT_TARGET = 17.2;
				LOCALIZATION_PREFERS_STRING_CATALOGS = YES;
				MTL_ENABLE_DEBUG_INFO = INCLUDE_SOURCE;
				MTL_FAST_MATH = YES;
				ONLY_ACTIVE_ARCH = YES;
				SDKROOT = iphoneos;
				SWIFT_ACTIVE_COMPILATION_CONDITIONS = "DEBUG $(inherited)";
				SWIFT_OPTIMIZATION_LEVEL = "-Onone";
			};
			name = Debug;
		};
		58ADA3DC2B3C1F6400ED0BC5 /* Release */ = {
			isa = XCBuildConfiguration;
			buildSettings = {
				ALWAYS_SEARCH_USER_PATHS = NO;
				ASSETCATALOG_COMPILER_GENERATE_SWIFT_ASSET_SYMBOL_EXTENSIONS = YES;
				CLANG_ANALYZER_NONNULL = YES;
				CLANG_ANALYZER_NUMBER_OBJECT_CONVERSION = YES_AGGRESSIVE;
				CLANG_CXX_LANGUAGE_STANDARD = "gnu++20";
				CLANG_ENABLE_MODULES = YES;
				CLANG_ENABLE_OBJC_ARC = YES;
				CLANG_ENABLE_OBJC_WEAK = YES;
				CLANG_WARN_BLOCK_CAPTURE_AUTORELEASING = YES;
				CLANG_WARN_BOOL_CONVERSION = YES;
				CLANG_WARN_COMMA = YES;
				CLANG_WARN_CONSTANT_CONVERSION = YES;
				CLANG_WARN_DEPRECATED_OBJC_IMPLEMENTATIONS = YES;
				CLANG_WARN_DIRECT_OBJC_ISA_USAGE = YES_ERROR;
				CLANG_WARN_DOCUMENTATION_COMMENTS = YES;
				CLANG_WARN_EMPTY_BODY = YES;
				CLANG_WARN_ENUM_CONVERSION = YES;
				CLANG_WARN_INFINITE_RECURSION = YES;
				CLANG_WARN_INT_CONVERSION = YES;
				CLANG_WARN_NON_LITERAL_NULL_CONVERSION = YES;
				CLANG_WARN_OBJC_IMPLICIT_RETAIN_SELF = YES;
				CLANG_WARN_OBJC_LITERAL_CONVERSION = YES;
				CLANG_WARN_OBJC_ROOT_CLASS = YES_ERROR;
				CLANG_WARN_QUOTED_INCLUDE_IN_FRAMEWORK_HEADER = YES;
				CLANG_WARN_RANGE_LOOP_ANALYSIS = YES;
				CLANG_WARN_STRICT_PROTOTYPES = YES;
				CLANG_WARN_SUSPICIOUS_MOVE = YES;
				CLANG_WARN_UNGUARDED_AVAILABILITY = YES_AGGRESSIVE;
				CLANG_WARN_UNREACHABLE_CODE = YES;
				CLANG_WARN__DUPLICATE_METHOD_MATCH = YES;
				COPY_PHASE_STRIP = NO;
				DEBUG_INFORMATION_FORMAT = "dwarf-with-dsym";
				ENABLE_NS_ASSERTIONS = NO;
				ENABLE_STRICT_OBJC_MSGSEND = YES;
				ENABLE_USER_SCRIPT_SANDBOXING = YES;
				GCC_C_LANGUAGE_STANDARD = gnu17;
				GCC_NO_COMMON_BLOCKS = YES;
				GCC_WARN_64_TO_32_BIT_CONVERSION = YES;
				GCC_WARN_ABOUT_RETURN_TYPE = YES_ERROR;
				GCC_WARN_UNDECLARED_SELECTOR = YES;
				GCC_WARN_UNINITIALIZED_AUTOS = YES_AGGRESSIVE;
				GCC_WARN_UNUSED_FUNCTION = YES;
				GCC_WARN_UNUSED_VARIABLE = YES;
				IPHONEOS_DEPLOYMENT_TARGET = 17.2;
				LOCALIZATION_PREFERS_STRING_CATALOGS = YES;
				MTL_ENABLE_DEBUG_INFO = NO;
				MTL_FAST_MATH = YES;
				SDKROOT = iphoneos;
				SWIFT_COMPILATION_MODE = wholemodule;
				VALIDATE_PRODUCT = YES;
			};
			name = Release;
		};
		58ADA3DE2B3C1F6400ED0BC5 /* Debug */ = {
			isa = XCBuildConfiguration;
			buildSettings = {
				ASSETCATALOG_COMPILER_APPICON_NAME = AppIcon;
				ASSETCATALOG_COMPILER_GLOBAL_ACCENT_COLOR_NAME = AccentColor;
				CODE_SIGN_STYLE = Automatic;
				CURRENT_PROJECT_VERSION = 1;
				DEVELOPMENT_ASSET_PATHS = "\"TCA_Study/Preview Content\"";
				DEVELOPMENT_TEAM = 98TYR8WM82;
				ENABLE_PREVIEWS = YES;
				GENERATE_INFOPLIST_FILE = YES;
				INFOPLIST_FILE = "TCA-Study-Info.plist";
				INFOPLIST_KEY_UIApplicationSceneManifest_Generation = YES;
				INFOPLIST_KEY_UIApplicationSupportsIndirectInputEvents = YES;
				INFOPLIST_KEY_UILaunchScreen_Generation = YES;
				INFOPLIST_KEY_UISupportedInterfaceOrientations_iPad = "UIInterfaceOrientationPortrait UIInterfaceOrientationPortraitUpsideDown UIInterfaceOrientationLandscapeLeft UIInterfaceOrientationLandscapeRight";
				INFOPLIST_KEY_UISupportedInterfaceOrientations_iPhone = "UIInterfaceOrientationPortrait UIInterfaceOrientationLandscapeLeft UIInterfaceOrientationLandscapeRight";
				LD_RUNPATH_SEARCH_PATHS = (
					"$(inherited)",
					"@executable_path/Frameworks",
				);
				MARKETING_VERSION = 1.0;
				PRODUCT_BUNDLE_IDENTIFIER = "com.kyuboShim.TCA-Study";
				PRODUCT_NAME = "$(TARGET_NAME)";
				SWIFT_EMIT_LOC_STRINGS = YES;
				SWIFT_VERSION = 5.0;
				TARGETED_DEVICE_FAMILY = "1,2";
			};
			name = Debug;
		};
		58ADA3DF2B3C1F6400ED0BC5 /* Release */ = {
			isa = XCBuildConfiguration;
			buildSettings = {
				ASSETCATALOG_COMPILER_APPICON_NAME = AppIcon;
				ASSETCATALOG_COMPILER_GLOBAL_ACCENT_COLOR_NAME = AccentColor;
				CODE_SIGN_STYLE = Automatic;
				CURRENT_PROJECT_VERSION = 1;
				DEVELOPMENT_ASSET_PATHS = "\"TCA_Study/Preview Content\"";
				DEVELOPMENT_TEAM = 98TYR8WM82;
				ENABLE_PREVIEWS = YES;
				GENERATE_INFOPLIST_FILE = YES;
				INFOPLIST_FILE = "TCA-Study-Info.plist";
				INFOPLIST_KEY_UIApplicationSceneManifest_Generation = YES;
				INFOPLIST_KEY_UIApplicationSupportsIndirectInputEvents = YES;
				INFOPLIST_KEY_UILaunchScreen_Generation = YES;
				INFOPLIST_KEY_UISupportedInterfaceOrientations_iPad = "UIInterfaceOrientationPortrait UIInterfaceOrientationPortraitUpsideDown UIInterfaceOrientationLandscapeLeft UIInterfaceOrientationLandscapeRight";
				INFOPLIST_KEY_UISupportedInterfaceOrientations_iPhone = "UIInterfaceOrientationPortrait UIInterfaceOrientationLandscapeLeft UIInterfaceOrientationLandscapeRight";
				LD_RUNPATH_SEARCH_PATHS = (
					"$(inherited)",
					"@executable_path/Frameworks",
				);
				MARKETING_VERSION = 1.0;
				PRODUCT_BUNDLE_IDENTIFIER = "com.kyuboShim.TCA-Study";
				PRODUCT_NAME = "$(TARGET_NAME)";
				SWIFT_EMIT_LOC_STRINGS = YES;
				SWIFT_VERSION = 5.0;
				TARGETED_DEVICE_FAMILY = "1,2";
			};
			name = Release;
		};
		58ADA3E12B3C1F6400ED0BC5 /* Debug */ = {
			isa = XCBuildConfiguration;
			buildSettings = {
				ALWAYS_EMBED_SWIFT_STANDARD_LIBRARIES = YES;
				BUNDLE_LOADER = "$(TEST_HOST)";
				CODE_SIGN_STYLE = Automatic;
				CURRENT_PROJECT_VERSION = 1;
				DEVELOPMENT_TEAM = 98TYR8WM82;
				GENERATE_INFOPLIST_FILE = YES;
				IPHONEOS_DEPLOYMENT_TARGET = 17.2;
				MARKETING_VERSION = 1.0;
				PRODUCT_BUNDLE_IDENTIFIER = "com.kyuboShim.TCA-StudyTests";
				PRODUCT_NAME = "$(TARGET_NAME)";
				SWIFT_EMIT_LOC_STRINGS = NO;
				SWIFT_VERSION = 5.0;
				TARGETED_DEVICE_FAMILY = "1,2";
				TEST_HOST = "$(BUILT_PRODUCTS_DIR)/TCA_Study.app/$(BUNDLE_EXECUTABLE_FOLDER_PATH)/TCA_Study";
			};
			name = Debug;
		};
		58ADA3E22B3C1F6400ED0BC5 /* Release */ = {
			isa = XCBuildConfiguration;
			buildSettings = {
				ALWAYS_EMBED_SWIFT_STANDARD_LIBRARIES = YES;
				BUNDLE_LOADER = "$(TEST_HOST)";
				CODE_SIGN_STYLE = Automatic;
				CURRENT_PROJECT_VERSION = 1;
				DEVELOPMENT_TEAM = 98TYR8WM82;
				GENERATE_INFOPLIST_FILE = YES;
				IPHONEOS_DEPLOYMENT_TARGET = 17.2;
				MARKETING_VERSION = 1.0;
				PRODUCT_BUNDLE_IDENTIFIER = "com.kyuboShim.TCA-StudyTests";
				PRODUCT_NAME = "$(TARGET_NAME)";
				SWIFT_EMIT_LOC_STRINGS = NO;
				SWIFT_VERSION = 5.0;
				TARGETED_DEVICE_FAMILY = "1,2";
				TEST_HOST = "$(BUILT_PRODUCTS_DIR)/TCA_Study.app/$(BUNDLE_EXECUTABLE_FOLDER_PATH)/TCA_Study";
			};
			name = Release;
		};
		58ADA3E42B3C1F6400ED0BC5 /* Debug */ = {
			isa = XCBuildConfiguration;
			buildSettings = {
				ALWAYS_EMBED_SWIFT_STANDARD_LIBRARIES = YES;
				CODE_SIGN_STYLE = Automatic;
				CURRENT_PROJECT_VERSION = 1;
				DEVELOPMENT_TEAM = 98TYR8WM82;
				GENERATE_INFOPLIST_FILE = YES;
				MARKETING_VERSION = 1.0;
				PRODUCT_BUNDLE_IDENTIFIER = "com.kyuboShim.TCA-StudyUITests";
				PRODUCT_NAME = "$(TARGET_NAME)";
				SWIFT_EMIT_LOC_STRINGS = NO;
				SWIFT_VERSION = 5.0;
				TARGETED_DEVICE_FAMILY = "1,2";
				TEST_TARGET_NAME = TCA_Study;
			};
			name = Debug;
		};
		58ADA3E52B3C1F6400ED0BC5 /* Release */ = {
			isa = XCBuildConfiguration;
			buildSettings = {
				ALWAYS_EMBED_SWIFT_STANDARD_LIBRARIES = YES;
				CODE_SIGN_STYLE = Automatic;
				CURRENT_PROJECT_VERSION = 1;
				DEVELOPMENT_TEAM = 98TYR8WM82;
				GENERATE_INFOPLIST_FILE = YES;
				MARKETING_VERSION = 1.0;
				PRODUCT_BUNDLE_IDENTIFIER = "com.kyuboShim.TCA-StudyUITests";
				PRODUCT_NAME = "$(TARGET_NAME)";
				SWIFT_EMIT_LOC_STRINGS = NO;
				SWIFT_VERSION = 5.0;
				TARGETED_DEVICE_FAMILY = "1,2";
				TEST_TARGET_NAME = TCA_Study;
			};
			name = Release;
		};
/* End XCBuildConfiguration section */

/* Begin XCConfigurationList section */
		58ADA3B22B3C1F6200ED0BC5 /* Build configuration list for PBXProject "TCA_Study" */ = {
			isa = XCConfigurationList;
			buildConfigurations = (
				58ADA3DB2B3C1F6400ED0BC5 /* Debug */,
				58ADA3DC2B3C1F6400ED0BC5 /* Release */,
			);
			defaultConfigurationIsVisible = 0;
			defaultConfigurationName = Release;
		};
		58ADA3DD2B3C1F6400ED0BC5 /* Build configuration list for PBXNativeTarget "TCA_Study" */ = {
			isa = XCConfigurationList;
			buildConfigurations = (
				58ADA3DE2B3C1F6400ED0BC5 /* Debug */,
				58ADA3DF2B3C1F6400ED0BC5 /* Release */,
			);
			defaultConfigurationIsVisible = 0;
			defaultConfigurationName = Release;
		};
		58ADA3E02B3C1F6400ED0BC5 /* Build configuration list for PBXNativeTarget "TCA_StudyTests" */ = {
			isa = XCConfigurationList;
			buildConfigurations = (
				58ADA3E12B3C1F6400ED0BC5 /* Debug */,
				58ADA3E22B3C1F6400ED0BC5 /* Release */,
			);
			defaultConfigurationIsVisible = 0;
			defaultConfigurationName = Release;
		};
		58ADA3E32B3C1F6400ED0BC5 /* Build configuration list for PBXNativeTarget "TCA_StudyUITests" */ = {
			isa = XCConfigurationList;
			buildConfigurations = (
				58ADA3E42B3C1F6400ED0BC5 /* Debug */,
				58ADA3E52B3C1F6400ED0BC5 /* Release */,
			);
			defaultConfigurationIsVisible = 0;
			defaultConfigurationName = Release;
		};
/* End XCConfigurationList section */

/* Begin XCRemoteSwiftPackageReference section */
		58ADA3EA2B3C28C100ED0BC5 /* XCRemoteSwiftPackageReference "swift-composable-architecture" */ = {
			isa = XCRemoteSwiftPackageReference;
			repositoryURL = "https://github.com/pointfreeco/swift-composable-architecture#Installation";
			requirement = {
				kind = upToNextMajorVersion;
				minimumVersion = 1.5.6;
			};
		};
/* End XCRemoteSwiftPackageReference section */

/* Begin XCSwiftPackageProductDependency section */
		58ADA3EB2B3C28C100ED0BC5 /* ComposableArchitecture */ = {
			isa = XCSwiftPackageProductDependency;
			package = 58ADA3EA2B3C28C100ED0BC5 /* XCRemoteSwiftPackageReference "swift-composable-architecture" */;
			productName = ComposableArchitecture;
		};
/* End XCSwiftPackageProductDependency section */
	};
	rootObject = 58ADA3AF2B3C1F6200ED0BC5 /* Project object */;
}
